Microsoft Visual Studio Solution File, Format Version 11.00
# Visual Studio 2010
Project("{EB0E40EB-13C2-1747-0D62-2849109B7707}") = "mcha", "mcha.vcxproj", "{630CD4BF-1E30-322E-0013-196616024277}"
EndProject
Global
	GlobalSection(SolutionConfigurationPlatforms) = preSolution
		MCHA-Debug-Win32|Win32 = MCHA-Debug-Win32|Win32
		MCHA-Release-Win32|Win32 = MCHA-Release-Win32|Win32
		MCHA-Debug-x64|x64 = MCHA-Debug-x64|x64
		MCHA-Release-x64|x64 = MCHA-Release-x64|x64
	EndGlobalSection
	GlobalSection(ProjectConfigurationPlatforms) = postSolution
		{630CD4BF-1E30-322E-0013-196616024277}.MCHA-Debug-Win32|Win32.ActiveCfg = MCHA-Debug-Win32|Win32
		{630CD4BF-1E30-322E-0013-196616024277}.MCHA-Debug-Win32|Win32.Build.0 = MCHA-Debug-Win32|Win32
		{630CD4BF-1E30-322E-0013-196616024277}.MCHA-Release-Win32|Win32.ActiveCfg = MCHA-Release-Win32|Win32
		{630CD4BF-1E30-322E-0013-196616024277}.MCHA-Release-Win32|Win32.Build.0 = MCHA-Release-Win32|Win32
		{630CD4BF-1E30-322E-0013-196616024277}.MCHA-Debug-x64|x64.ActiveCfg = MCHA-Debug-x64|x64
		{630CD4BF-1E30-322E-0013-196616024277}.MCHA-Debug-x64|x64.Build.0 = MCHA-Debug-x64|x64
		{630CD4BF-1E30-322E-0013-196616024277}.MCHA-Release-x64|x64.ActiveCfg = MCHA-Release-x64|x64
		{630CD4BF-1E30-322E-0013-196616024277}.MCHA-Release-x64|x64.Build.0 = MCHA-Release-x64|x64
	EndGlobalSection
	GlobalSection(SolutionProperties) = preSolution
		HideSolutionNode = FALSE
	EndGlobalSection
EndGlobal
