Microsoft Visual Studio Solution File, Format Version 10.00
# Visual C++ Express 2008
Project("{67196841-433B-6377-1D88-752BD1171CF6}") = "mcha", "mcha.vcproj", "{1755BEE0-827E-DD1B-31F2-6DD4CD0E87EB}"
EndProject
Global
	GlobalSection(SolutionConfigurationPlatforms) = preSolution
		Debug|Win32 = Debug|Win32
		Release|Win32 = Release|Win32
	EndGlobalSection
	GlobalSection(ProjectConfigurationPlatforms) = postSolution
		{1755BEE0-827E-DD1B-31F2-6DD4CD0E87EB}.Debug|Win32.ActiveCfg = Debug|Win32
		{1755BEE0-827E-DD1B-31F2-6DD4CD0E87EB}.Debug|Win32.Build.0 = Debug|Win32
		{1755BEE0-827E-DD1B-31F2-6DD4CD0E87EB}.Release|Win32.ActiveCfg = Release|Win32
		{1755BEE0-827E-DD1B-31F2-6DD4CD0E87EB}.Release|Win32.Build.0 = Release|Win32
	EndGlobalSection
	GlobalSection(SolutionProperties) = preSolution
		HideSolutionNode = FALSE
	EndGlobalSection
EndGlobal
